
Microsoft Visual Studio Solution File, Format Version 12.00
# Visual Studio 15
VisualStudioVersion = 15.0.26430.16
MinimumVisualStudioVersion = 10.0.40219.1
Project("{FAE04EC0-301F-11D3-BF4B-00C04F79EFBC}") = "WebUI", "WebUI\WebUI.csproj", "{15FD416D-3539-4432-A98C-4C049006E1AC}"
EndProject
Project("{FAE04EC0-301F-11D3-BF4B-00C04F79EFBC}") = "FileWatcherService", "FileWatcherService\FileWatcherService.csproj", "{5343EBB4-4492-41C3-BB42-5AC0D061C933}"
EndProject
Project("{FAE04EC0-301F-11D3-BF4B-00C04F79EFBC}") = "GalleryAPI", "GalleryAPI\GalleryAPI.csproj", "{3E973986-E5A0-4EAB-82EC-190A10B7699F}"
EndProject
Global
	GlobalSection(SolutionConfigurationPlatforms) = preSolution
		Debug|Any CPU = Debug|Any CPU
		Release|Any CPU = Release|Any CPU
	EndGlobalSection
	GlobalSection(ProjectConfigurationPlatforms) = postSolution
		{15FD416D-3539-4432-A98C-4C049006E1AC}.Debug|Any CPU.ActiveCfg = Debug|Any CPU
		{15FD416D-3539-4432-A98C-4C049006E1AC}.Debug|Any CPU.Build.0 = Debug|Any CPU
		{15FD416D-3539-4432-A98C-4C049006E1AC}.Release|Any CPU.ActiveCfg = Release|Any CPU
		{15FD416D-3539-4432-A98C-4C049006E1AC}.Release|Any CPU.Build.0 = Release|Any CPU
		{5343EBB4-4492-41C3-BB42-5AC0D061C933}.Debug|Any CPU.ActiveCfg = Debug|Any CPU
		{5343EBB4-4492-41C3-BB42-5AC0D061C933}.Debug|Any CPU.Build.0 = Debug|Any CPU
		{5343EBB4-4492-41C3-BB42-5AC0D061C933}.Release|Any CPU.ActiveCfg = Release|Any CPU
		{5343EBB4-4492-41C3-BB42-5AC0D061C933}.Release|Any CPU.Build.0 = Release|Any CPU
		{3E973986-E5A0-4EAB-82EC-190A10B7699F}.Debug|Any CPU.ActiveCfg = Debug|Any CPU
		{3E973986-E5A0-4EAB-82EC-190A10B7699F}.Debug|Any CPU.Build.0 = Debug|Any CPU
		{3E973986-E5A0-4EAB-82EC-190A10B7699F}.Release|Any CPU.ActiveCfg = Release|Any CPU
		{3E973986-E5A0-4EAB-82EC-190A10B7699F}.Release|Any CPU.Build.0 = Release|Any CPU
	EndGlobalSection
	GlobalSection(SolutionProperties) = preSolution
		HideSolutionNode = FALSE
	EndGlobalSection
EndGlobal
